// !$*UTF8*$!
{
	archiveVersion = 1;
	classes = {
	};
	objectVersion = 50;
	objects = {

/* Begin PBXBuildFile section */
		6405870322C08A0000FF49B4 /* AppDelegate.swift in Sources */ = {isa = PBXBuildFile; fileRef = 6405870222C085E300FF49B4 /* AppDelegate.swift */; };
		646D307922BE369C00FEFB9B /* Assets.xcassets in Resources */ = {isa = PBXBuildFile; fileRef = 646D307822BE369C00FEFB9B /* Assets.xcassets */; };
		646D307C22BE369C00FEFB9B /* LaunchScreen.storyboard in Resources */ = {isa = PBXBuildFile; fileRef = 646D307A22BE369C00FEFB9B /* LaunchScreen.storyboard */; };
		64CDE9F722BE4319004C14C2 /* View.swift in Sources */ = {isa = PBXBuildFile; fileRef = 64CDE9F622BE4319004C14C2 /* View.swift */; };
		64CDE9F922BE43D8004C14C2 /* Interactor.swift in Sources */ = {isa = PBXBuildFile; fileRef = 64CDE9F822BE43D8004C14C2 /* Interactor.swift */; };
		64CDE9FC22BE4BB4004C14C2 /* Protocol.swift in Sources */ = {isa = PBXBuildFile; fileRef = 64CDE9FB22BE4BB4004C14C2 /* Protocol.swift */; };
		64D88AF022BF2F8C00B76ED1 /* Presenter.swift in Sources */ = {isa = PBXBuildFile; fileRef = 64D88AEF22BF2F8C00B76ED1 /* Presenter.swift */; };
		64D88AF222BF32E300B76ED1 /* Router.swift in Sources */ = {isa = PBXBuildFile; fileRef = 64D88AF122BF32E300B76ED1 /* Router.swift */; };
/* End PBXBuildFile section */

/* Begin PBXFileReference section */
		6405870222C085E300FF49B4 /* AppDelegate.swift */ = {isa = PBXFileReference; lastKnownFileType = sourcecode.swift; path = AppDelegate.swift; sourceTree = "<group>"; };
		646D306C22BE369A00FEFB9B /* Viper-UserDefault.app */ = {isa = PBXFileReference; explicitFileType = wrapper.application; includeInIndex = 0; path = "Viper-UserDefault.app"; sourceTree = BUILT_PRODUCTS_DIR; };
		646D307822BE369C00FEFB9B /* Assets.xcassets */ = {isa = PBXFileReference; lastKnownFileType = folder.assetcatalog; path = Assets.xcassets; sourceTree = "<group>"; };
		646D307B22BE369C00FEFB9B /* Base */ = {isa = PBXFileReference; lastKnownFileType = file.storyboard; name = Base; path = Base.lproj/LaunchScreen.storyboard; sourceTree = "<group>"; };
		646D307D22BE369C00FEFB9B /* Info.plist */ = {isa = PBXFileReference; lastKnownFileType = text.plist.xml; path = Info.plist; sourceTree = "<group>"; };
		64CDE9F622BE4319004C14C2 /* View.swift */ = {isa = PBXFileReference; lastKnownFileType = sourcecode.swift; path = View.swift; sourceTree = "<group>"; };
		64CDE9F822BE43D8004C14C2 /* Interactor.swift */ = {isa = PBXFileReference; lastKnownFileType = sourcecode.swift; path = Interactor.swift; sourceTree = "<group>"; };
		64CDE9FB22BE4BB4004C14C2 /* Protocol.swift */ = {isa = PBXFileReference; lastKnownFileType = sourcecode.swift; path = Protocol.swift; sourceTree = "<group>"; };
		64D88AEF22BF2F8C00B76ED1 /* Presenter.swift */ = {isa = PBXFileReference; lastKnownFileType = sourcecode.swift; path = Presenter.swift; sourceTree = "<group>"; };
		64D88AF122BF32E300B76ED1 /* Router.swift */ = {isa = PBXFileReference; lastKnownFileType = sourcecode.swift; path = Router.swift; sourceTree = "<group>"; };
/* End PBXFileReference section */

/* Begin PBXFrameworksBuildPhase section */
		646D306922BE369A00FEFB9B /* Frameworks */ = {
			isa = PBXFrameworksBuildPhase;
			buildActionMask = 2147483647;
			files = (
			);
			runOnlyForDeploymentPostprocessing = 0;
		};
/* End PBXFrameworksBuildPhase section */

/* Begin PBXGroup section */
		646D306322BE369A00FEFB9B = {
			isa = PBXGroup;
			children = (
				646D306E22BE369A00FEFB9B /* Viper-UserDefault */,
				646D306D22BE369A00FEFB9B /* Products */,
			);
			sourceTree = "<group>";
		};
		646D306D22BE369A00FEFB9B /* Products */ = {
			isa = PBXGroup;
			children = (
				646D306C22BE369A00FEFB9B /* Viper-UserDefault.app */,
			);
			name = Products;
			sourceTree = "<group>";
		};
		646D306E22BE369A00FEFB9B /* Viper-UserDefault */ = {
			isa = PBXGroup;
			children = (
				64D88AF722BF34FC00B76ED1 /* App - UI */,
				64CDE9FA22BE4BA5004C14C2 /* Protocols */,
				64CDE9F522BE42F9004C14C2 /* Router */,
				64CDE9F422BE42EF004C14C2 /* Entity */,
				64CDE9F322BE42E1004C14C2 /* Presenter */,
				64CDE9F222BE42D8004C14C2 /* Interactor */,
				64CDE9F122BE42D0004C14C2 /* View */,
				646D307D22BE369C00FEFB9B /* Info.plist */,
			);
			path = "Viper-UserDefault";
			sourceTree = "<group>";
		};
		64CDE9F122BE42D0004C14C2 /* View */ = {
			isa = PBXGroup;
			children = (
				64CDE9F622BE4319004C14C2 /* View.swift */,
			);
			path = View;
			sourceTree = "<group>";
		};
		64CDE9F222BE42D8004C14C2 /* Interactor */ = {
			isa = PBXGroup;
			children = (
				64CDE9F822BE43D8004C14C2 /* Interactor.swift */,
			);
			path = Interactor;
			sourceTree = "<group>";
		};
		64CDE9F322BE42E1004C14C2 /* Presenter */ = {
			isa = PBXGroup;
			children = (
				64D88AEF22BF2F8C00B76ED1 /* Presenter.swift */,
				6405870222C085E300FF49B4 /* AppDelegate.swift */,
			);
			path = Presenter;
			sourceTree = "<group>";
		};
		64CDE9F422BE42EF004C14C2 /* Entity */ = {
			isa = PBXGroup;
			children = (
			);
			path = Entity;
			sourceTree = "<group>";
		};
		64CDE9F522BE42F9004C14C2 /* Router */ = {
			isa = PBXGroup;
			children = (
				64D88AF122BF32E300B76ED1 /* Router.swift */,
			);
			path = Router;
			sourceTree = "<group>";
		};
		64CDE9FA22BE4BA5004C14C2 /* Protocols */ = {
			isa = PBXGroup;
			children = (
				64CDE9FB22BE4BB4004C14C2 /* Protocol.swift */,
			);
			path = Protocols;
			sourceTree = "<group>";
		};
		64D88AF722BF34FC00B76ED1 /* App - UI */ = {
			isa = PBXGroup;
			children = (
				646D307822BE369C00FEFB9B /* Assets.xcassets */,
				646D307A22BE369C00FEFB9B /* LaunchScreen.storyboard */,
			);
			path = "App - UI";
			sourceTree = "<group>";
		};
/* End PBXGroup section */

/* Begin PBXNativeTarget section */
		646D306B22BE369A00FEFB9B /* Viper-UserDefault */ = {
			isa = PBXNativeTarget;
			buildConfigurationList = 646D308022BE369C00FEFB9B /* Build configuration list for PBXNativeTarget "Viper-UserDefault" */;
			buildPhases = (
				646D306822BE369A00FEFB9B /* Sources */,
				646D306922BE369A00FEFB9B /* Frameworks */,
				646D306A22BE369A00FEFB9B /* Resources */,
			);
			buildRules = (
			);
			dependencies = (
			);
			name = "Viper-UserDefault";
			productName = "Viper-UserDefault";
			productReference = 646D306C22BE369A00FEFB9B /* Viper-UserDefault.app */;
			productType = "com.apple.product-type.application";
		};
/* End PBXNativeTarget section */

/* Begin PBXProject section */
		646D306422BE369A00FEFB9B /* Project object */ = {
			isa = PBXProject;
			attributes = {
				LastSwiftUpdateCheck = 1100;
				LastUpgradeCheck = 1100;
				ORGANIZATIONNAME = "Omid Tavanaei";
				TargetAttributes = {
					646D306B22BE369A00FEFB9B = {
						CreatedOnToolsVersion = 11.0;
					};
				};
			};
			buildConfigurationList = 646D306722BE369A00FEFB9B /* Build configuration list for PBXProject "Viper-UserDefault" */;
			compatibilityVersion = "Xcode 9.3";
			developmentRegion = en;
			hasScannedForEncodings = 0;
			knownRegions = (
				en,
				Base,
			);
			mainGroup = 646D306322BE369A00FEFB9B;
			productRefGroup = 646D306D22BE369A00FEFB9B /* Products */;
			projectDirPath = "";
			projectRoot = "";
			targets = (
				646D306B22BE369A00FEFB9B /* Viper-UserDefault */,
			);
		};
/* End PBXProject section */

/* Begin PBXResourcesBuildPhase section */
		646D306A22BE369A00FEFB9B /* Resources */ = {
			isa = PBXResourcesBuildPhase;
			buildActionMask = 2147483647;
			files = (
				646D307C22BE369C00FEFB9B /* LaunchScreen.storyboard in Resources */,
				646D307922BE369C00FEFB9B /* Assets.xcassets in Resources */,
			);
			runOnlyForDeploymentPostprocessing = 0;
		};
/* End PBXResourcesBuildPhase section */

/* Begin PBXSourcesBuildPhase section */
		646D306822BE369A00FEFB9B /* Sources */ = {
			isa = PBXSourcesBuildPhase;
			buildActionMask = 2147483647;
			files = (
				6405870322C08A0000FF49B4 /* AppDelegate.swift in Sources */,
				64D88AF222BF32E300B76ED1 /* Router.swift in Sources */,
				64CDE9F722BE4319004C14C2 /* View.swift in Sources */,
				64D88AF022BF2F8C00B76ED1 /* Presenter.swift in Sources */,
				64CDE9F922BE43D8004C14C2 /* Interactor.swift in Sources */,
				64CDE9FC22BE4BB4004C14C2 /* Protocol.swift in Sources */,
			);
			runOnlyForDeploymentPostprocessing = 0;
		};
/* End PBXSourcesBuildPhase section */

/* Begin PBXVariantGroup section */
		646D307A22BE369C00FEFB9B /* LaunchScreen.storyboard */ = {
			isa = PBXVariantGroup;
			children = (
				646D307B22BE369C00FEFB9B /* Base */,
			);
			name = LaunchScreen.storyboard;
			sourceTree = "<group>";
		};
/* End PBXVariantGroup section */

/* Begin XCBuildConfiguration section */
		646D307E22BE369C00FEFB9B /* Debug */ = {
			isa = XCBuildConfiguration;
			buildSettings = {
				ALWAYS_SEARCH_USER_PATHS = NO;
				CLANG_ANALYZER_NONNULL = YES;
				CLANG_ANALYZER_NUMBER_OBJECT_CONVERSION = YES_AGGRESSIVE;
				CLANG_CXX_LANGUAGE_STANDARD = "gnu++14";
				CLANG_CXX_LIBRARY = "libc++";
				CLANG_ENABLE_MODULES = YES;
				CLANG_ENABLE_OBJC_ARC = YES;
				CLANG_ENABLE_OBJC_WEAK = YES;
				CLANG_WARN_BLOCK_CAPTURE_AUTORELEASING = YES;
				CLANG_WARN_BOOL_CONVERSION = YES;
				CLANG_WARN_COMMA = YES;
				CLANG_WARN_CONSTANT_CONVERSION = YES;
				CLANG_WARN_DEPRECATED_OBJC_IMPLEMENTATIONS = YES;
				CLANG_WARN_DIRECT_OBJC_ISA_USAGE = YES_ERROR;
				CLANG_WARN_DOCUMENTATION_COMMENTS = YES;
				CLANG_WARN_EMPTY_BODY = YES;
				CLANG_WARN_ENUM_CONVERSION = YES;
				CLANG_WARN_INFINITE_RECURSION = YES;
				CLANG_WARN_INT_CONVERSION = YES;
				CLANG_WARN_NON_LITERAL_NULL_CONVERSION = YES;
				CLANG_WARN_OBJC_IMPLICIT_RETAIN_SELF = YES;
				CLANG_WARN_OBJC_LITERAL_CONVERSION = YES;
				CLANG_WARN_OBJC_ROOT_CLASS = YES_ERROR;
				CLANG_WARN_RANGE_LOOP_ANALYSIS = YES;
				CLANG_WARN_STRICT_PROTOTYPES = YES;
				CLANG_WARN_SUSPICIOUS_MOVE = YES;
				CLANG_WARN_UNGUARDED_AVAILABILITY = YES_AGGRESSIVE;
				CLANG_WARN_UNREACHABLE_CODE = YES;
				CLANG_WARN__DUPLICATE_METHOD_MATCH = YES;
				COPY_PHASE_STRIP = NO;
				DEBUG_INFORMATION_FORMAT = dwarf;
				ENABLE_STRICT_OBJC_MSGSEND = YES;
				ENABLE_TESTABILITY = YES;
				GCC_C_LANGUAGE_STANDARD = gnu11;
				GCC_DYNAMIC_NO_PIC = NO;
				GCC_NO_COMMON_BLOCKS = YES;
				GCC_OPTIMIZATION_LEVEL = 0;
				GCC_PREPROCESSOR_DEFINITIONS = (
					"DEBUG=1",
					"$(inherited)",
				);
				GCC_WARN_64_TO_32_BIT_CONVERSION = YES;
				GCC_WARN_ABOUT_RETURN_TYPE = YES_ERROR;
				GCC_WARN_UNDECLARED_SELECTOR = YES;
				GCC_WARN_UNINITIALIZED_AUTOS = YES_AGGRESSIVE;
				GCC_WARN_UNUSED_FUNCTION = YES;
				GCC_WARN_UNUSED_VARIABLE = YES;
				IPHONEOS_DEPLOYMENT_TARGET = 13.0;
				MTL_ENABLE_DEBUG_INFO = INCLUDE_SOURCE;
				MTL_FAST_MATH = YES;
				ONLY_ACTIVE_ARCH = YES;
				SDKROOT = iphoneos;
				SWIFT_ACTIVE_COMPILATION_CONDITIONS = DEBUG;
				SWIFT_OPTIMIZATION_LEVEL = "-Onone";
			};
			name = Debug;
		};
		646D307F22BE369C00FEFB9B /* Release */ = {
			isa = XCBuildConfiguration;
			buildSettings = {
				ALWAYS_SEARCH_USER_PATHS = NO;
				CLANG_ANALYZER_NONNULL = YES;
				CLANG_ANALYZER_NUMBER_OBJECT_CONVERSION = YES_AGGRESSIVE;
				CLANG_CXX_LANGUAGE_STANDARD = "gnu++14";
				CLANG_CXX_LIBRARY = "libc++";
				CLANG_ENABLE_MODULES = YES;
				CLANG_ENABLE_OBJC_ARC = YES;
				CLANG_ENABLE_OBJC_WEAK = YES;
				CLANG_WARN_BLOCK_CAPTURE_AUTORELEASING = YES;
				CLANG_WARN_BOOL_CONVERSION = YES;
				CLANG_WARN_COMMA = YES;
				CLANG_WARN_CONSTANT_CONVERSION = YES;
				CLANG_WARN_DEPRECATED_OBJC_IMPLEMENTATIONS = YES;
				CLANG_WARN_DIRECT_OBJC_ISA_USAGE = YES_ERROR;
				CLANG_WARN_DOCUMENTATION_COMMENTS = YES;
				CLANG_WARN_EMPTY_BODY = YES;
				CLANG_WARN_ENUM_CONVERSION = YES;
				CLANG_WARN_INFINITE_RECURSION = YES;
				CLANG_WARN_INT_CONVERSION = YES;
				CLANG_WARN_NON_LITERAL_NULL_CONVERSION = YES;
				CLANG_WARN_OBJC_IMPLICIT_RETAIN_SELF = YES;
				CLANG_WARN_OBJC_LITERAL_CONVERSION = YES;
				CLANG_WARN_OBJC_ROOT_CLASS = YES_ERROR;
				CLANG_WARN_RANGE_LOOP_ANALYSIS = YES;
				CLANG_WARN_STRICT_PROTOTYPES = YES;
				CLANG_WARN_SUSPICIOUS_MOVE = YES;
				CLANG_WARN_UNGUARDED_AVAILABILITY = YES_AGGRESSIVE;
				CLANG_WARN_UNREACHABLE_CODE = YES;
				CLANG_WARN__DUPLICATE_METHOD_MATCH = YES;
				COPY_PHASE_STRIP = NO;
				DEBUG_INFORMATION_FORMAT = "dwarf-with-dsym";
				ENABLE_NS_ASSERTIONS = NO;
				ENABLE_STRICT_OBJC_MSGSEND = YES;
				GCC_C_LANGUAGE_STANDARD = gnu11;
				GCC_NO_COMMON_BLOCKS = YES;
				GCC_WARN_64_TO_32_BIT_CONVERSION = YES;
				GCC_WARN_ABOUT_RETURN_TYPE = YES_ERROR;
				GCC_WARN_UNDECLARED_SELECTOR = YES;
				GCC_WARN_UNINITIALIZED_AUTOS = YES_AGGRESSIVE;
				GCC_WARN_UNUSED_FUNCTION = YES;
				GCC_WARN_UNUSED_VARIABLE = YES;
				IPHONEOS_DEPLOYMENT_TARGET = 13.0;
				MTL_ENABLE_DEBUG_INFO = NO;
				MTL_FAST_MATH = YES;
				SDKROOT = iphoneos;
				SWIFT_COMPILATION_MODE = wholemodule;
				SWIFT_OPTIMIZATION_LEVEL = "-O";
				VALIDATE_PRODUCT = YES;
			};
			name = Release;
		};
		646D308122BE369C00FEFB9B /* Debug */ = {
			isa = XCBuildConfiguration;
			buildSettings = {
				ASSETCATALOG_COMPILER_APPICON_NAME = AppIcon;
				CODE_SIGN_STYLE = Automatic;
				DEVELOPMENT_TEAM = QENKH96X8H;
				INFOPLIST_FILE = "Viper-UserDefault/Info.plist";
				IPHONEOS_DEPLOYMENT_TARGET = 12.2;
				LD_RUNPATH_SEARCH_PATHS = (
					"$(inherited)",
					"@executable_path/Frameworks",
				);
				PRODUCT_BUNDLE_IDENTIFIER = "cortexifun.Viper-UserDefault";
				PRODUCT_NAME = "$(TARGET_NAME)";
				SWIFT_VERSION = 5.0;
				TARGETED_DEVICE_FAMILY = "1,2";
			};
			name = Debug;
		};
		646D308222BE369C00FEFB9B /* Release */ = {
			isa = XCBuildConfiguration;
			buildSettings = {
				ASSETCATALOG_COMPILER_APPICON_NAME = AppIcon;
				CODE_SIGN_STYLE = Automatic;
				DEVELOPMENT_TEAM = QENKH96X8H;
				INFOPLIST_FILE = "Viper-UserDefault/Info.plist";
				IPHONEOS_DEPLOYMENT_TARGET = 12.2;
				LD_RUNPATH_SEARCH_PATHS = (
					"$(inherited)",
					"@executable_path/Frameworks",
				);
				PRODUCT_BUNDLE_IDENTIFIER = "cortexifun.Viper-UserDefault";
				PRODUCT_NAME = "$(TARGET_NAME)";
				SWIFT_VERSION = 5.0;
				TARGETED_DEVICE_FAMILY = "1,2";
			};
			name = Release;
		};
/* End XCBuildConfiguration section */

/* Begin XCConfigurationList section */
		646D306722BE369A00FEFB9B /* Build configuration list for PBXProject "Viper-UserDefault" */ = {
			isa = XCConfigurationList;
			buildConfigurations = (
				646D307E22BE369C00FEFB9B /* Debug */,
				646D307F22BE369C00FEFB9B /* Release */,
			);
			defaultConfigurationIsVisible = 0;
			defaultConfigurationName = Release;
		};
		646D308022BE369C00FEFB9B /* Build configuration list for PBXNativeTarget "Viper-UserDefault" */ = {
			isa = XCConfigurationList;
			buildConfigurations = (
				646D308122BE369C00FEFB9B /* Debug */,
				646D308222BE369C00FEFB9B /* Release */,
			);
			defaultConfigurationIsVisible = 0;
			defaultConfigurationName = Release;
		};
/* End XCConfigurationList section */
	};
	rootObject = 646D306422BE369A00FEFB9B /* Project object */;
}
